# THIS IS AN AUTOGENERATED FILE. DO NOT EDIT THIS FILE DIRECTLY.
# yarn lockfile v1


"@turbo-boost/commands@^0.3.2":
  version "0.3.2"
  resolved "https://registry.yarnpkg.com/@turbo-boost/commands/-/commands-0.3.2.tgz#b6332c91dab66085816b49227de073f096fd2955"
  integrity sha512-fhXNMKS/UGKujcX+tLSwB9wvucBQKbTr3pWzYdHcV5kNrFZg14kpkX+ClJ3PPY67Hz97akQ7FPlBXicV2V44eQ==
  dependencies:
    debounced "^1.0.0"

"@turbo-boost/streams@0.1.11":
  version "0.1.11"
  resolved "https://registry.yarnpkg.com/@turbo-boost/streams/-/streams-0.1.11.tgz#acbeba4fea6d5b58fcc3ced9d0f9df05cd31c1cc"
  integrity sha512-HNVL9dEYPzq7fitDEG0aB+ArHUn8e15GrOmZCiAxMCnFuxOOVepN/A+6+To8ZcpuaW8Mj3ks8f3SUha0O78BGw==
  dependencies:
    idiomorph "https://github.com/bigskysoftware/idiomorph.git"

debounced@^1.0.0:
  version "1.0.0"
  resolved "https://registry.yarnpkg.com/debounced/-/debounced-1.0.0.tgz#f27b755b072a1579843a6a02eaaf8e165d24ff48"
  integrity sha512-oPEzLE+9mys3GSFWwfstDsDfTuKq8Sqtywulu+ROhqa9ovJQ7/fG3qb0ZBZMXqEitxwvcrjkfQgg77VmjDxNUw==

"idiomorph@https://github.com/bigskysoftware/idiomorph.git":
  version "0.3.0"
  resolved "https://github.com/bigskysoftware/idiomorph.git#f75fba125e6e3cbfaa31dfa2af11be94455c6a38"
